// !$*UTF8*$!
{
	archiveVersion = 1;
	classes = {
	};
	objectVersion = 46;
	objects = {

/* Begin PBXBuildFile section */
		F906A2EF1BDE6EC600CE30FD /* Line.swift in Sources */ = {isa = PBXBuildFile; fileRef = F906A2EE1BDE6EC600CE30FD /* Line.swift */; settings = {ASSET_TAGS = (); }; };
		F906A2F11BDE6ED700CE30FD /* DrawView.swift in Sources */ = {isa = PBXBuildFile; fileRef = F906A2F01BDE6ED700CE30FD /* DrawView.swift */; settings = {ASSET_TAGS = (); }; };
		F9EE44CD1BDA707200B063D4 /* AppDelegate.swift in Sources */ = {isa = PBXBuildFile; fileRef = F9EE44CC1BDA707200B063D4 /* AppDelegate.swift */; };
		F9EE44CF1BDA707200B063D4 /* ViewController.swift in Sources */ = {isa = PBXBuildFile; fileRef = F9EE44CE1BDA707200B063D4 /* ViewController.swift */; };
		F9EE44D21BDA707200B063D4 /* Main.storyboard in Resources */ = {isa = PBXBuildFile; fileRef = F9EE44D01BDA707200B063D4 /* Main.storyboard */; };
		F9EE44D41BDA707200B063D4 /* Assets.xcassets in Resources */ = {isa = PBXBuildFile; fileRef = F9EE44D31BDA707200B063D4 /* Assets.xcassets */; };
		F9EE44D71BDA707200B063D4 /* LaunchScreen.storyboard in Resources */ = {isa = PBXBuildFile; fileRef = F9EE44D51BDA707200B063D4 /* LaunchScreen.storyboard */; };
/* End PBXBuildFile section */

/* Begin PBXFileReference section */
		F906A2EE1BDE6EC600CE30FD /* Line.swift */ = {isa = PBXFileReference; fileEncoding = 4; lastKnownFileType = sourcecode.swift; path = Line.swift; sourceTree = "<group>"; };
		F906A2F01BDE6ED700CE30FD /* DrawView.swift */ = {isa = PBXFileReference; fileEncoding = 4; lastKnownFileType = sourcecode.swift; path = DrawView.swift; sourceTree = "<group>"; };
		F9EE44C91BDA707200B063D4 /* TouchTracker.app */ = {isa = PBXFileReference; explicitFileType = wrapper.application; includeInIndex = 0; path = TouchTracker.app; sourceTree = BUILT_PRODUCTS_DIR; };
		F9EE44CC1BDA707200B063D4 /* AppDelegate.swift */ = {isa = PBXFileReference; lastKnownFileType = sourcecode.swift; path = AppDelegate.swift; sourceTree = "<group>"; };
		F9EE44CE1BDA707200B063D4 /* ViewController.swift */ = {isa = PBXFileReference; lastKnownFileType = sourcecode.swift; path = ViewController.swift; sourceTree = "<group>"; };
		F9EE44D11BDA707200B063D4 /* Base */ = {isa = PBXFileReference; lastKnownFileType = file.storyboard; name = Base; path = Base.lproj/Main.storyboard; sourceTree = "<group>"; };
		F9EE44D31BDA707200B063D4 /* Assets.xcassets */ = {isa = PBXFileReference; lastKnownFileType = folder.assetcatalog; path = Assets.xcassets; sourceTree = "<group>"; };
		F9EE44D61BDA707200B063D4 /* Base */ = {isa = PBXFileReference; lastKnownFileType = file.storyboard; name = Base; path = Base.lproj/LaunchScreen.storyboard; sourceTree = "<group>"; };
		F9EE44D81BDA707200B063D4 /* Info.plist */ = {isa = PBXFileReference; lastKnownFileType = text.plist.xml; path = Info.plist; sourceTree = "<group>"; };
/* End PBXFileReference section */

/* Begin PBXFrameworksBuildPhase section */
		F9EE44C61BDA707200B063D4 /* Frameworks */ = {
			isa = PBXFrameworksBuildPhase;
			buildActionMask = 2147483647;
			files = (
			);
			runOnlyForDeploymentPostprocessing = 0;
		};
/* End PBXFrameworksBuildPhase section */

/* Begin PBXGroup section */
		F9EE44C01BDA707200B063D4 = {
			isa = PBXGroup;
			children = (
				F9EE44CB1BDA707200B063D4 /* TouchTracker */,
				F9EE44CA1BDA707200B063D4 /* Products */,
			);
			sourceTree = "<group>";
		};
		F9EE44CA1BDA707200B063D4 /* Products */ = {
			isa = PBXGroup;
			children = (
				F9EE44C91BDA707200B063D4 /* TouchTracker.app */,
			);
			name = Products;
			sourceTree = "<group>";
		};
		F9EE44CB1BDA707200B063D4 /* TouchTracker */ = {
			isa = PBXGroup;
			children = (
				F9EE44CC1BDA707200B063D4 /* AppDelegate.swift */,
				F9EE44CE1BDA707200B063D4 /* ViewController.swift */,
				F906A2F01BDE6ED700CE30FD /* DrawView.swift */,
				F9EE44D01BDA707200B063D4 /* Main.storyboard */,
				F906A2EE1BDE6EC600CE30FD /* Line.swift */,
				F9EE44D31BDA707200B063D4 /* Assets.xcassets */,
				F9EE44D51BDA707200B063D4 /* LaunchScreen.storyboard */,
				F9EE44D81BDA707200B063D4 /* Info.plist */,
			);
			path = TouchTracker;
			sourceTree = "<group>";
		};
/* End PBXGroup section */

/* Begin PBXNativeTarget section */
		F9EE44C81BDA707200B063D4 /* TouchTracker */ = {
			isa = PBXNativeTarget;
			buildConfigurationList = F9EE44DB1BDA707200B063D4 /* Build configuration list for PBXNativeTarget "TouchTracker" */;
			buildPhases = (
				F9EE44C51BDA707200B063D4 /* Sources */,
				F9EE44C61BDA707200B063D4 /* Frameworks */,
				F9EE44C71BDA707200B063D4 /* Resources */,
			);
			buildRules = (
			);
			dependencies = (
			);
			name = TouchTracker;
			productName = TouchTracker;
			productReference = F9EE44C91BDA707200B063D4 /* TouchTracker.app */;
			productType = "com.apple.product-type.application";
		};
/* End PBXNativeTarget section */

/* Begin PBXProject section */
		F9EE44C11BDA707200B063D4 /* Project object */ = {
			isa = PBXProject;
			attributes = {
				LastUpgradeCheck = 0700;
				ORGANIZATIONNAME = "Big Nerd Ranch";
				TargetAttributes = {
					F9EE44C81BDA707200B063D4 = {
						CreatedOnToolsVersion = 7.0.1;
						DevelopmentTeam = T9V3N4TEAY;
					};
				};
			};
			buildConfigurationList = F9EE44C41BDA707200B063D4 /* Build configuration list for PBXProject "TouchTracker" */;
			compatibilityVersion = "Xcode 3.2";
			developmentRegion = English;
			hasScannedForEncodings = 0;
			knownRegions = (
				en,
				Base,
			);
			mainGroup = F9EE44C01BDA707200B063D4;
			productRefGroup = F9EE44CA1BDA707200B063D4 /* Products */;
			projectDirPath = "";
			projectRoot = "";
			targets = (
				F9EE44C81BDA707200B063D4 /* TouchTracker */,
			);
		};
/* End PBXProject section */

/* Begin PBXResourcesBuildPhase section */
		F9EE44C71BDA707200B063D4 /* Resources */ = {
			isa = PBXResourcesBuildPhase;
			buildActionMask = 2147483647;
			files = (
				F9EE44D71BDA707200B063D4 /* LaunchScreen.storyboard in Resources */,
				F9EE44D41BDA707200B063D4 /* Assets.xcassets in Resources */,
				F9EE44D21BDA707200B063D4 /* Main.storyboard in Resources */,
			);
			runOnlyForDeploymentPostprocessing = 0;
		};
/* End PBXResourcesBuildPhase section */

/* Begin PBXSourcesBuildPhase section */
		F9EE44C51BDA707200B063D4 /* Sources */ = {
			isa = PBXSourcesBuildPhase;
			buildActionMask = 2147483647;
			files = (
				F906A2EF1BDE6EC600CE30FD /* Line.swift in Sources */,
				F9EE44CF1BDA707200B063D4 /* ViewController.swift in Sources */,
				F906A2F11BDE6ED700CE30FD /* DrawView.swift in Sources */,
				F9EE44CD1BDA707200B063D4 /* AppDelegate.swift in Sources */,
			);
			runOnlyForDeploymentPostprocessing = 0;
		};
/* End PBXSourcesBuildPhase section */

/* Begin PBXVariantGroup section */
		F9EE44D01BDA707200B063D4 /* Main.storyboard */ = {
			isa = PBXVariantGroup;
			children = (
				F9EE44D11BDA707200B063D4 /* Base */,
			);
			name = Main.storyboard;
			sourceTree = "<group>";
		};
		F9EE44D51BDA707200B063D4 /* LaunchScreen.storyboard */ = {
			isa = PBXVariantGroup;
			children = (
				F9EE44D61BDA707200B063D4 /* Base */,
			);
			name = LaunchScreen.storyboard;
			sourceTree = "<group>";
		};
/* End PBXVariantGroup section */

/* Begin XCBuildConfiguration section */
		F9EE44D91BDA707200B063D4 /* Debug */ = {
			isa = XCBuildConfiguration;
			buildSettings = {
				ALWAYS_SEARCH_USER_PATHS = NO;
				CLANG_CXX_LANGUAGE_STANDARD = "gnu++0x";
				CLANG_CXX_LIBRARY = "libc++";
				CLANG_ENABLE_MODULES = YES;
				CLANG_ENABLE_OBJC_ARC = YES;
				CLANG_WARN_BOOL_CONVERSION = YES;
				CLANG_WARN_CONSTANT_CONVERSION = YES;
				CLANG_WARN_DIRECT_OBJC_ISA_USAGE = YES_ERROR;
				CLANG_WARN_EMPTY_BODY = YES;
				CLANG_WARN_ENUM_CONVERSION = YES;
				CLANG_WARN_INT_CONVERSION = YES;
				CLANG_WARN_OBJC_ROOT_CLASS = YES_ERROR;
				CLANG_WARN_UNREACHABLE_CODE = YES;
				CLANG_WARN__DUPLICATE_METHOD_MATCH = YES;
				"CODE_SIGN_IDENTITY[sdk=iphoneos*]" = "iPhone Developer";
				COPY_PHASE_STRIP = NO;
				DEBUG_INFORMATION_FORMAT = dwarf;
				ENABLE_STRICT_OBJC_MSGSEND = YES;
				ENABLE_TESTABILITY = YES;
				GCC_C_LANGUAGE_STANDARD = gnu99;
				GCC_DYNAMIC_NO_PIC = NO;
				GCC_NO_COMMON_BLOCKS = YES;
				GCC_OPTIMIZATION_LEVEL = 0;
				GCC_PREPROCESSOR_DEFINITIONS = (
					"DEBUG=1",
					"$(inherited)",
				);
				GCC_WARN_64_TO_32_BIT_CONVERSION = YES;
				GCC_WARN_ABOUT_RETURN_TYPE = YES_ERROR;
				GCC_WARN_UNDECLARED_SELECTOR = YES;
				GCC_WARN_UNINITIALIZED_AUTOS = YES_AGGRESSIVE;
				GCC_WARN_UNUSED_FUNCTION = YES;
				GCC_WARN_UNUSED_VARIABLE = YES;
				IPHONEOS_DEPLOYMENT_TARGET = 9.0;
				MTL_ENABLE_DEBUG_INFO = YES;
				ONLY_ACTIVE_ARCH = YES;
				SDKROOT = iphoneos;
				SWIFT_OPTIMIZATION_LEVEL = "-Onone";
				TARGETED_DEVICE_FAMILY = "1,2";
			};
			name = Debug;
		};
		F9EE44DA1BDA707200B063D4 /* Release */ = {
			isa = XCBuildConfiguration;
			buildSettings = {
				ALWAYS_SEARCH_USER_PATHS = NO;
				CLANG_CXX_LANGUAGE_STANDARD = "gnu++0x";
				CLANG_CXX_LIBRARY = "libc++";
				CLANG_ENABLE_MODULES = YES;
				CLANG_ENABLE_OBJC_ARC = YES;
				CLANG_WARN_BOOL_CONVERSION = YES;
				CLANG_WARN_CONSTANT_CONVERSION = YES;
				CLANG_WARN_DIRECT_OBJC_ISA_USAGE = YES_ERROR;
				CLANG_WARN_EMPTY_BODY = YES;
				CLANG_WARN_ENUM_CONVERSION = YES;
				CLANG_WARN_INT_CONVERSION = YES;
				CLANG_WARN_OBJC_ROOT_CLASS = YES_ERROR;
				CLANG_WARN_UNREACHABLE_CODE = YES;
				CLANG_WARN__DUPLICATE_METHOD_MATCH = YES;
				"CODE_SIGN_IDENTITY[sdk=iphoneos*]" = "iPhone Developer";
				COPY_PHASE_STRIP = NO;
				DEBUG_INFORMATION_FORMAT = "dwarf-with-dsym";
				ENABLE_NS_ASSERTIONS = NO;
				ENABLE_STRICT_OBJC_MSGSEND = YES;
				GCC_C_LANGUAGE_STANDARD = gnu99;
				GCC_NO_COMMON_BLOCKS = YES;
				GCC_WARN_64_TO_32_BIT_CONVERSION = YES;
				GCC_WARN_ABOUT_RETURN_TYPE = YES_ERROR;
				GCC_WARN_UNDECLARED_SELECTOR = YES;
				GCC_WARN_UNINITIALIZED_AUTOS = YES_AGGRESSIVE;
				GCC_WARN_UNUSED_FUNCTION = YES;
				GCC_WARN_UNUSED_VARIABLE = YES;
				IPHONEOS_DEPLOYMENT_TARGET = 9.0;
				MTL_ENABLE_DEBUG_INFO = NO;
				SDKROOT = iphoneos;
				TARGETED_DEVICE_FAMILY = "1,2";
				VALIDATE_PRODUCT = YES;
			};
			name = Release;
		};
		F9EE44DC1BDA707200B063D4 /* Debug */ = {
			isa = XCBuildConfiguration;
			buildSettings = {
				ASSETCATALOG_COMPILER_APPICON_NAME = AppIcon;
				INFOPLIST_FILE = TouchTracker/Info.plist;
				LD_RUNPATH_SEARCH_PATHS = "$(inherited) @executable_path/Frameworks";
				PRODUCT_BUNDLE_IDENTIFIER = com.bignerdranch.TouchTracker;
				PRODUCT_NAME = "$(TARGET_NAME)";
			};
			name = Debug;
		};
		F9EE44DD1BDA707200B063D4 /* Release */ = {
			isa = XCBuildConfiguration;
			buildSettings = {
				ASSETCATALOG_COMPILER_APPICON_NAME = AppIcon;
				INFOPLIST_FILE = TouchTracker/Info.plist;
				LD_RUNPATH_SEARCH_PATHS = "$(inherited) @executable_path/Frameworks";
				PRODUCT_BUNDLE_IDENTIFIER = com.bignerdranch.TouchTracker;
				PRODUCT_NAME = "$(TARGET_NAME)";
			};
			name = Release;
		};
/* End XCBuildConfiguration section */

/* Begin XCConfigurationList section */
		F9EE44C41BDA707200B063D4 /* Build configuration list for PBXProject "TouchTracker" */ = {
			isa = XCConfigurationList;
			buildConfigurations = (
				F9EE44D91BDA707200B063D4 /* Debug */,
				F9EE44DA1BDA707200B063D4 /* Release */,
			);
			defaultConfigurationIsVisible = 0;
			defaultConfigurationName = Release;
		};
		F9EE44DB1BDA707200B063D4 /* Build configuration list for PBXNativeTarget "TouchTracker" */ = {
			isa = XCConfigurationList;
			buildConfigurations = (
				F9EE44DC1BDA707200B063D4 /* Debug */,
				F9EE44DD1BDA707200B063D4 /* Release */,
			);
			defaultConfigurationIsVisible = 0;
			defaultConfigurationName = Release;
		};
/* End XCConfigurationList section */
	};
	rootObject = F9EE44C11BDA707200B063D4 /* Project object */;
}
